
Microsoft Visual Studio Solution File, Format Version 12.00
# Visual Studio Version 17
VisualStudioVersion = 17.8.34511.84
MinimumVisualStudioVersion = 10.0.40219.1
Project("{8BC9CEB8-8B4A-11D0-8D11-00A0C91BC942}") = "assn8P", "assn8P\assn8P.vcxproj", "{E695A8EE-3081-47E4-BF01-82075DACEA50}"
EndProject
Global
	GlobalSection(SolutionConfigurationPlatforms) = preSolution
		Debug|x64 = Debug|x64
		Debug|x86 = Debug|x86
		Release|x64 = Release|x64
		Release|x86 = Release|x86
	EndGlobalSection
	GlobalSection(ProjectConfigurationPlatforms) = postSolution
		{E695A8EE-3081-47E4-BF01-82075DACEA50}.Debug|x64.ActiveCfg = Debug|x64
		{E695A8EE-3081-47E4-BF01-82075DACEA50}.Debug|x64.Build.0 = Debug|x64
		{E695A8EE-3081-47E4-BF01-82075DACEA50}.Debug|x86.ActiveCfg = Debug|Win32
		{E695A8EE-3081-47E4-BF01-82075DACEA50}.Debug|x86.Build.0 = Debug|Win32
		{E695A8EE-3081-47E4-BF01-82075DACEA50}.Release|x64.ActiveCfg = Release|x64
		{E695A8EE-3081-47E4-BF01-82075DACEA50}.Release|x64.Build.0 = Release|x64
		{E695A8EE-3081-47E4-BF01-82075DACEA50}.Release|x86.ActiveCfg = Release|Win32
		{E695A8EE-3081-47E4-BF01-82075DACEA50}.Release|x86.Build.0 = Release|Win32
	EndGlobalSection
	GlobalSection(SolutionProperties) = preSolution
		HideSolutionNode = FALSE
	EndGlobalSection
	GlobalSection(ExtensibilityGlobals) = postSolution
		SolutionGuid = {16ED4371-E3B7-44F7-BB5F-3138B4A37195}
	EndGlobalSection
EndGlobal
